// !$*UTF8*$!
{
	archiveVersion = 1;
	classes = {
	};
	objectVersion = 56;
	objects = {

/* Begin PBXBuildFile section */
		636EBA5D2BF79C9B00D6844A /* AppDelegate.swift in Sources */ = {isa = PBXBuildFile; fileRef = 636EBA5C2BF79C9B00D6844A /* AppDelegate.swift */; };
		636EBA5F2BF79C9B00D6844A /* SceneDelegate.swift in Sources */ = {isa = PBXBuildFile; fileRef = 636EBA5E2BF79C9B00D6844A /* SceneDelegate.swift */; };
		636EBA612BF79C9B00D6844A /* ViewController.swift in Sources */ = {isa = PBXBuildFile; fileRef = 636EBA602BF79C9B00D6844A /* ViewController.swift */; };
		636EBA642BF79C9B00D6844A /* Main.storyboard in Resources */ = {isa = PBXBuildFile; fileRef = 636EBA622BF79C9B00D6844A /* Main.storyboard */; };
		636EBA662BF79C9C00D6844A /* Assets.xcassets in Resources */ = {isa = PBXBuildFile; fileRef = 636EBA652BF79C9C00D6844A /* Assets.xcassets */; };
		636EBA692BF79C9C00D6844A /* LaunchScreen.storyboard in Resources */ = {isa = PBXBuildFile; fileRef = 636EBA672BF79C9C00D6844A /* LaunchScreen.storyboard */; };
		636EBA712BF79ED000D6844A /* soft_egg.png in Resources */ = {isa = PBXBuildFile; fileRef = 636EBA702BF79ED000D6844A /* soft_egg.png */; };
		636EBA732BF79ED600D6844A /* medium_egg.png in Resources */ = {isa = PBXBuildFile; fileRef = 636EBA722BF79ED600D6844A /* medium_egg.png */; };
		636EBA752BF79EDC00D6844A /* hard_egg.png in Resources */ = {isa = PBXBuildFile; fileRef = 636EBA742BF79EDC00D6844A /* hard_egg.png */; };
/* End PBXBuildFile section */

/* Begin PBXFileReference section */
		636EBA592BF79C9B00D6844A /* Egg Timmer.app */ = {isa = PBXFileReference; explicitFileType = wrapper.application; includeInIndex = 0; path = "Egg Timmer.app"; sourceTree = BUILT_PRODUCTS_DIR; };
		636EBA5C2BF79C9B00D6844A /* AppDelegate.swift */ = {isa = PBXFileReference; lastKnownFileType = sourcecode.swift; path = AppDelegate.swift; sourceTree = "<group>"; };
		636EBA5E2BF79C9B00D6844A /* SceneDelegate.swift */ = {isa = PBXFileReference; lastKnownFileType = sourcecode.swift; path = SceneDelegate.swift; sourceTree = "<group>"; };
		636EBA602BF79C9B00D6844A /* ViewController.swift */ = {isa = PBXFileReference; lastKnownFileType = sourcecode.swift; path = ViewController.swift; sourceTree = "<group>"; };
		636EBA632BF79C9B00D6844A /* Base */ = {isa = PBXFileReference; lastKnownFileType = file.storyboard; name = Base; path = Base.lproj/Main.storyboard; sourceTree = "<group>"; };
		636EBA652BF79C9C00D6844A /* Assets.xcassets */ = {isa = PBXFileReference; lastKnownFileType = folder.assetcatalog; path = Assets.xcassets; sourceTree = "<group>"; };
		636EBA682BF79C9C00D6844A /* Base */ = {isa = PBXFileReference; lastKnownFileType = file.storyboard; name = Base; path = Base.lproj/LaunchScreen.storyboard; sourceTree = "<group>"; };
		636EBA6A2BF79C9C00D6844A /* Info.plist */ = {isa = PBXFileReference; lastKnownFileType = text.plist.xml; path = Info.plist; sourceTree = "<group>"; };
		636EBA702BF79ED000D6844A /* soft_egg.png */ = {isa = PBXFileReference; lastKnownFileType = image.png; path = soft_egg.png; sourceTree = "<group>"; };
		636EBA722BF79ED600D6844A /* medium_egg.png */ = {isa = PBXFileReference; lastKnownFileType = image.png; path = medium_egg.png; sourceTree = "<group>"; };
		636EBA742BF79EDC00D6844A /* hard_egg.png */ = {isa = PBXFileReference; lastKnownFileType = image.png; path = hard_egg.png; sourceTree = "<group>"; };
/* End PBXFileReference section */

/* Begin PBXFrameworksBuildPhase section */
		636EBA562BF79C9B00D6844A /* Frameworks */ = {
			isa = PBXFrameworksBuildPhase;
			buildActionMask = 2147483647;
			files = (
			);
			runOnlyForDeploymentPostprocessing = 0;
		};
/* End PBXFrameworksBuildPhase section */

/* Begin PBXGroup section */
		636EBA502BF79C9B00D6844A = {
			isa = PBXGroup;
			children = (
				636EBA5B2BF79C9B00D6844A /* Egg Timmer */,
				636EBA5A2BF79C9B00D6844A /* Products */,
			);
			sourceTree = "<group>";
		};
		636EBA5A2BF79C9B00D6844A /* Products */ = {
			isa = PBXGroup;
			children = (
				636EBA592BF79C9B00D6844A /* Egg Timmer.app */,
			);
			name = Products;
			sourceTree = "<group>";
		};
		636EBA5B2BF79C9B00D6844A /* Egg Timmer */ = {
			isa = PBXGroup;
			children = (
				636EBA5C2BF79C9B00D6844A /* AppDelegate.swift */,
				636EBA5E2BF79C9B00D6844A /* SceneDelegate.swift */,
				636EBA602BF79C9B00D6844A /* ViewController.swift */,
				636EBA622BF79C9B00D6844A /* Main.storyboard */,
				636EBA652BF79C9C00D6844A /* Assets.xcassets */,
				636EBA672BF79C9C00D6844A /* LaunchScreen.storyboard */,
				636EBA6A2BF79C9C00D6844A /* Info.plist */,
				636EBA702BF79ED000D6844A /* soft_egg.png */,
				636EBA722BF79ED600D6844A /* medium_egg.png */,
				636EBA742BF79EDC00D6844A /* hard_egg.png */,
			);
			path = "Egg Timmer";
			sourceTree = "<group>";
		};
/* End PBXGroup section */

/* Begin PBXNativeTarget section */
		636EBA582BF79C9B00D6844A /* Egg Timmer */ = {
			isa = PBXNativeTarget;
			buildConfigurationList = 636EBA6D2BF79C9C00D6844A /* Build configuration list for PBXNativeTarget "Egg Timmer" */;
			buildPhases = (
				636EBA552BF79C9B00D6844A /* Sources */,
				636EBA562BF79C9B00D6844A /* Frameworks */,
				636EBA572BF79C9B00D6844A /* Resources */,
			);
			buildRules = (
			);
			dependencies = (
			);
			name = "Egg Timmer";
			productName = "Egg Timmer";
			productReference = 636EBA592BF79C9B00D6844A /* Egg Timmer.app */;
			productType = "com.apple.product-type.application";
		};
/* End PBXNativeTarget section */

/* Begin PBXProject section */
		636EBA512BF79C9B00D6844A /* Project object */ = {
			isa = PBXProject;
			attributes = {
				BuildIndependentTargetsInParallel = 1;
				LastSwiftUpdateCheck = 1510;
				LastUpgradeCheck = 1510;
				TargetAttributes = {
					636EBA582BF79C9B00D6844A = {
						CreatedOnToolsVersion = 15.1;
					};
				};
			};
			buildConfigurationList = 636EBA542BF79C9B00D6844A /* Build configuration list for PBXProject "Egg Timmer" */;
			compatibilityVersion = "Xcode 14.0";
			developmentRegion = en;
			hasScannedForEncodings = 0;
			knownRegions = (
				en,
				Base,
			);
			mainGroup = 636EBA502BF79C9B00D6844A;
			productRefGroup = 636EBA5A2BF79C9B00D6844A /* Products */;
			projectDirPath = "";
			projectRoot = "";
			targets = (
				636EBA582BF79C9B00D6844A /* Egg Timmer */,
			);
		};
/* End PBXProject section */

/* Begin PBXResourcesBuildPhase section */
		636EBA572BF79C9B00D6844A /* Resources */ = {
			isa = PBXResourcesBuildPhase;
			buildActionMask = 2147483647;
			files = (
				636EBA692BF79C9C00D6844A /* LaunchScreen.storyboard in Resources */,
				636EBA712BF79ED000D6844A /* soft_egg.png in Resources */,
				636EBA752BF79EDC00D6844A /* hard_egg.png in Resources */,
				636EBA732BF79ED600D6844A /* medium_egg.png in Resources */,
				636EBA662BF79C9C00D6844A /* Assets.xcassets in Resources */,
				636EBA642BF79C9B00D6844A /* Main.storyboard in Resources */,
			);
			runOnlyForDeploymentPostprocessing = 0;
		};
/* End PBXResourcesBuildPhase section */

/* Begin PBXSourcesBuildPhase section */
		636EBA552BF79C9B00D6844A /* Sources */ = {
			isa = PBXSourcesBuildPhase;
			buildActionMask = 2147483647;
			files = (
				636EBA612BF79C9B00D6844A /* ViewController.swift in Sources */,
				636EBA5D2BF79C9B00D6844A /* AppDelegate.swift in Sources */,
				636EBA5F2BF79C9B00D6844A /* SceneDelegate.swift in Sources */,
			);
			runOnlyForDeploymentPostprocessing = 0;
		};
/* End PBXSourcesBuildPhase section */

/* Begin PBXVariantGroup section */
		636EBA622BF79C9B00D6844A /* Main.storyboard */ = {
			isa = PBXVariantGroup;
			children = (
				636EBA632BF79C9B00D6844A /* Base */,
			);
			name = Main.storyboard;
			sourceTree = "<group>";
		};
		636EBA672BF79C9C00D6844A /* LaunchScreen.storyboard */ = {
			isa = PBXVariantGroup;
			children = (
				636EBA682BF79C9C00D6844A /* Base */,
			);
			name = LaunchScreen.storyboard;
			sourceTree = "<group>";
		};
/* End PBXVariantGroup section */

/* Begin XCBuildConfiguration section */
		636EBA6B2BF79C9C00D6844A /* Debug */ = {
			isa = XCBuildConfiguration;
			buildSettings = {
				ALWAYS_SEARCH_USER_PATHS = NO;
				ASSETCATALOG_COMPILER_GENERATE_SWIFT_ASSET_SYMBOL_EXTENSIONS = YES;
				CLANG_ANALYZER_NONNULL = YES;
				CLANG_ANALYZER_NUMBER_OBJECT_CONVERSION = YES_AGGRESSIVE;
				CLANG_CXX_LANGUAGE_STANDARD = "gnu++20";
				CLANG_ENABLE_MODULES = YES;
				CLANG_ENABLE_OBJC_ARC = YES;
				CLANG_ENABLE_OBJC_WEAK = YES;
				CLANG_WARN_BLOCK_CAPTURE_AUTORELEASING = YES;
				CLANG_WARN_BOOL_CONVERSION = YES;
				CLANG_WARN_COMMA = YES;
				CLANG_WARN_CONSTANT_CONVERSION = YES;
				CLANG_WARN_DEPRECATED_OBJC_IMPLEMENTATIONS = YES;
				CLANG_WARN_DIRECT_OBJC_ISA_USAGE = YES_ERROR;
				CLANG_WARN_DOCUMENTATION_COMMENTS = YES;
				CLANG_WARN_EMPTY_BODY = YES;
				CLANG_WARN_ENUM_CONVERSION = YES;
				CLANG_WARN_INFINITE_RECURSION = YES;
				CLANG_WARN_INT_CONVERSION = YES;
				CLANG_WARN_NON_LITERAL_NULL_CONVERSION = YES;
				CLANG_WARN_OBJC_IMPLICIT_RETAIN_SELF = YES;
				CLANG_WARN_OBJC_LITERAL_CONVERSION = YES;
				CLANG_WARN_OBJC_ROOT_CLASS = YES_ERROR;
				CLANG_WARN_QUOTED_INCLUDE_IN_FRAMEWORK_HEADER = YES;
				CLANG_WARN_RANGE_LOOP_ANALYSIS = YES;
				CLANG_WARN_STRICT_PROTOTYPES = YES;
				CLANG_WARN_SUSPICIOUS_MOVE = YES;
				CLANG_WARN_UNGUARDED_AVAILABILITY = YES_AGGRESSIVE;
				CLANG_WARN_UNREACHABLE_CODE = YES;
				CLANG_WARN__DUPLICATE_METHOD_MATCH = YES;
				COPY_PHASE_STRIP = NO;
				DEBUG_INFORMATION_FORMAT = dwarf;
				ENABLE_STRICT_OBJC_MSGSEND = YES;
				ENABLE_TESTABILITY = YES;
				ENABLE_USER_SCRIPT_SANDBOXING = YES;
				GCC_C_LANGUAGE_STANDARD = gnu17;
				GCC_DYNAMIC_NO_PIC = NO;
				GCC_NO_COMMON_BLOCKS = YES;
				GCC_OPTIMIZATION_LEVEL = 0;
				GCC_PREPROCESSOR_DEFINITIONS = (
					"DEBUG=1",
					"$(inherited)",
				);
				GCC_WARN_64_TO_32_BIT_CONVERSION = YES;
				GCC_WARN_ABOUT_RETURN_TYPE = YES_ERROR;
				GCC_WARN_UNDECLARED_SELECTOR = YES;
				GCC_WARN_UNINITIALIZED_AUTOS = YES_AGGRESSIVE;
				GCC_WARN_UNUSED_FUNCTION = YES;
				GCC_WARN_UNUSED_VARIABLE = YES;
				IPHONEOS_DEPLOYMENT_TARGET = 17.2;
				LOCALIZATION_PREFERS_STRING_CATALOGS = YES;
				MTL_ENABLE_DEBUG_INFO = INCLUDE_SOURCE;
				MTL_FAST_MATH = YES;
				ONLY_ACTIVE_ARCH = YES;
				SDKROOT = iphoneos;
				SWIFT_ACTIVE_COMPILATION_CONDITIONS = "DEBUG $(inherited)";
				SWIFT_OPTIMIZATION_LEVEL = "-Onone";
			};
			name = Debug;
		};
		636EBA6C2BF79C9C00D6844A /* Release */ = {
			isa = XCBuildConfiguration;
			buildSettings = {
				ALWAYS_SEARCH_USER_PATHS = NO;
				ASSETCATALOG_COMPILER_GENERATE_SWIFT_ASSET_SYMBOL_EXTENSIONS = YES;
				CLANG_ANALYZER_NONNULL = YES;
				CLANG_ANALYZER_NUMBER_OBJECT_CONVERSION = YES_AGGRESSIVE;
				CLANG_CXX_LANGUAGE_STANDARD = "gnu++20";
				CLANG_ENABLE_MODULES = YES;
				CLANG_ENABLE_OBJC_ARC = YES;
				CLANG_ENABLE_OBJC_WEAK = YES;
				CLANG_WARN_BLOCK_CAPTURE_AUTORELEASING = YES;
				CLANG_WARN_BOOL_CONVERSION = YES;
				CLANG_WARN_COMMA = YES;
				CLANG_WARN_CONSTANT_CONVERSION = YES;
				CLANG_WARN_DEPRECATED_OBJC_IMPLEMENTATIONS = YES;
				CLANG_WARN_DIRECT_OBJC_ISA_USAGE = YES_ERROR;
				CLANG_WARN_DOCUMENTATION_COMMENTS = YES;
				CLANG_WARN_EMPTY_BODY = YES;
				CLANG_WARN_ENUM_CONVERSION = YES;
				CLANG_WARN_INFINITE_RECURSION = YES;
				CLANG_WARN_INT_CONVERSION = YES;
				CLANG_WARN_NON_LITERAL_NULL_CONVERSION = YES;
				CLANG_WARN_OBJC_IMPLICIT_RETAIN_SELF = YES;
				CLANG_WARN_OBJC_LITERAL_CONVERSION = YES;
				CLANG_WARN_OBJC_ROOT_CLASS = YES_ERROR;
				CLANG_WARN_QUOTED_INCLUDE_IN_FRAMEWORK_HEADER = YES;
				CLANG_WARN_RANGE_LOOP_ANALYSIS = YES;
				CLANG_WARN_STRICT_PROTOTYPES = YES;
				CLANG_WARN_SUSPICIOUS_MOVE = YES;
				CLANG_WARN_UNGUARDED_AVAILABILITY = YES_AGGRESSIVE;
				CLANG_WARN_UNREACHABLE_CODE = YES;
				CLANG_WARN__DUPLICATE_METHOD_MATCH = YES;
				COPY_PHASE_STRIP = NO;
				DEBUG_INFORMATION_FORMAT = "dwarf-with-dsym";
				ENABLE_NS_ASSERTIONS = NO;
				ENABLE_STRICT_OBJC_MSGSEND = YES;
				ENABLE_USER_SCRIPT_SANDBOXING = YES;
				GCC_C_LANGUAGE_STANDARD = gnu17;
				GCC_NO_COMMON_BLOCKS = YES;
				GCC_WARN_64_TO_32_BIT_CONVERSION = YES;
				GCC_WARN_ABOUT_RETURN_TYPE = YES_ERROR;
				GCC_WARN_UNDECLARED_SELECTOR = YES;
				GCC_WARN_UNINITIALIZED_AUTOS = YES_AGGRESSIVE;
				GCC_WARN_UNUSED_FUNCTION = YES;
				GCC_WARN_UNUSED_VARIABLE = YES;
				IPHONEOS_DEPLOYMENT_TARGET = 17.2;
				LOCALIZATION_PREFERS_STRING_CATALOGS = YES;
				MTL_ENABLE_DEBUG_INFO = NO;
				MTL_FAST_MATH = YES;
				SDKROOT = iphoneos;
				SWIFT_COMPILATION_MODE = wholemodule;
				VALIDATE_PRODUCT = YES;
			};
			name = Release;
		};
		636EBA6E2BF79C9C00D6844A /* Debug */ = {
			isa = XCBuildConfiguration;
			buildSettings = {
				ASSETCATALOG_COMPILER_APPICON_NAME = AppIcon;
				ASSETCATALOG_COMPILER_GLOBAL_ACCENT_COLOR_NAME = AccentColor;
				CODE_SIGN_STYLE = Automatic;
				CURRENT_PROJECT_VERSION = 1;
				DEVELOPMENT_TEAM = GYUC5KPUTB;
				GENERATE_INFOPLIST_FILE = YES;
				INFOPLIST_FILE = "Egg Timmer/Info.plist";
				INFOPLIST_KEY_CFBundleDisplayName = "Egg Timer";
				INFOPLIST_KEY_UIApplicationSupportsIndirectInputEvents = YES;
				INFOPLIST_KEY_UILaunchStoryboardName = LaunchScreen;
				INFOPLIST_KEY_UIMainStoryboardFile = Main;
				INFOPLIST_KEY_UISupportedInterfaceOrientations_iPad = "UIInterfaceOrientationPortrait UIInterfaceOrientationPortraitUpsideDown UIInterfaceOrientationLandscapeLeft UIInterfaceOrientationLandscapeRight";
				INFOPLIST_KEY_UISupportedInterfaceOrientations_iPhone = "UIInterfaceOrientationPortrait UIInterfaceOrientationLandscapeLeft UIInterfaceOrientationLandscapeRight";
				IPHONEOS_DEPLOYMENT_TARGET = 13.0;
				LD_RUNPATH_SEARCH_PATHS = (
					"$(inherited)",
					"@executable_path/Frameworks",
				);
				MARKETING_VERSION = 1.0;
				PRODUCT_BUNDLE_IDENTIFIER = "com.ayush.Egg-Timmer";
				PRODUCT_NAME = "$(TARGET_NAME)";
				SWIFT_EMIT_LOC_STRINGS = YES;
				SWIFT_VERSION = 5.0;
				TARGETED_DEVICE_FAMILY = "1,2";
			};
			name = Debug;
		};
		636EBA6F2BF79C9C00D6844A /* Release */ = {
			isa = XCBuildConfiguration;
			buildSettings = {
				ASSETCATALOG_COMPILER_APPICON_NAME = AppIcon;
				ASSETCATALOG_COMPILER_GLOBAL_ACCENT_COLOR_NAME = AccentColor;
				CODE_SIGN_STYLE = Automatic;
				CURRENT_PROJECT_VERSION = 1;
				DEVELOPMENT_TEAM = GYUC5KPUTB;
				GENERATE_INFOPLIST_FILE = YES;
				INFOPLIST_FILE = "Egg Timmer/Info.plist";
				INFOPLIST_KEY_CFBundleDisplayName = "Egg Timer";
				INFOPLIST_KEY_UIApplicationSupportsIndirectInputEvents = YES;
				INFOPLIST_KEY_UILaunchStoryboardName = LaunchScreen;
				INFOPLIST_KEY_UIMainStoryboardFile = Main;
				INFOPLIST_KEY_UISupportedInterfaceOrientations_iPad = "UIInterfaceOrientationPortrait UIInterfaceOrientationPortraitUpsideDown UIInterfaceOrientationLandscapeLeft UIInterfaceOrientationLandscapeRight";
				INFOPLIST_KEY_UISupportedInterfaceOrientations_iPhone = "UIInterfaceOrientationPortrait UIInterfaceOrientationLandscapeLeft UIInterfaceOrientationLandscapeRight";
				IPHONEOS_DEPLOYMENT_TARGET = 13.0;
				LD_RUNPATH_SEARCH_PATHS = (
					"$(inherited)",
					"@executable_path/Frameworks",
				);
				MARKETING_VERSION = 1.0;
				PRODUCT_BUNDLE_IDENTIFIER = "com.ayush.Egg-Timmer";
				PRODUCT_NAME = "$(TARGET_NAME)";
				SWIFT_EMIT_LOC_STRINGS = YES;
				SWIFT_VERSION = 5.0;
				TARGETED_DEVICE_FAMILY = "1,2";
			};
			name = Release;
		};
/* End XCBuildConfiguration section */

/* Begin XCConfigurationList section */
		636EBA542BF79C9B00D6844A /* Build configuration list for PBXProject "Egg Timmer" */ = {
			isa = XCConfigurationList;
			buildConfigurations = (
				636EBA6B2BF79C9C00D6844A /* Debug */,
				636EBA6C2BF79C9C00D6844A /* Release */,
			);
			defaultConfigurationIsVisible = 0;
			defaultConfigurationName = Release;
		};
		636EBA6D2BF79C9C00D6844A /* Build configuration list for PBXNativeTarget "Egg Timmer" */ = {
			isa = XCConfigurationList;
			buildConfigurations = (
				636EBA6E2BF79C9C00D6844A /* Debug */,
				636EBA6F2BF79C9C00D6844A /* Release */,
			);
			defaultConfigurationIsVisible = 0;
			defaultConfigurationName = Release;
		};
/* End XCConfigurationList section */
	};
	rootObject = 636EBA512BF79C9B00D6844A /* Project object */;
}
